{
  "name": "fieldofviewstreamer",
  "version": "1.0.0",
  "lockfileVersion": 1,
  "requires": true,
  "dependencies": {
    "codem-isoboxer": {
      "version": "0.3.5",
      "resolved": "https://registry.npmjs.org/codem-isoboxer/-/codem-isoboxer-0.3.5.tgz",
      "integrity": "sha512-F+OY4gCwxe+YnsqOkQTPrnRqoncAUmxqXNdgmuCE3Omvl3WQ9WLvhSJUZ0IGJljoxkdwpCQdPdcdMEPJnOQ1Ow=="
    },
    "node-fetch": {
      "version": "2.1.2",
      "resolved": "https://registry.npmjs.org/node-fetch/-/node-fetch-2.1.2.tgz",
      "integrity": "sha1-q4hOjn5X44qUR1POxwb3iNF2i7U="
    },
    "nodejs-websocket": {
      "version": "1.7.1",
      "resolved": "https://registry.npmjs.org/nodejs-websocket/-/nodejs-websocket-1.7.1.tgz",
      "integrity": "sha1-zM+7qCO/HPqWgPFoq3q1MSHkhBA="
    }
  }
}
